// !$*UTF8*$!
{
	archiveVersion = 1;
	classes = {
	};
	objectVersion = 50;
	objects = {

/* Begin PBXBuildFile section */
		54DC576B21DE928F0034F8B2 /* AppDelegate.swift in Sources */ = {isa = PBXBuildFile; fileRef = 54DC576A21DE928F0034F8B2 /* AppDelegate.swift */; };
		54DC576D21DE928F0034F8B2 /* ViewController.swift in Sources */ = {isa = PBXBuildFile; fileRef = 54DC576C21DE928F0034F8B2 /* ViewController.swift */; };
		54DC577021DE928F0034F8B2 /* Main.storyboard in Resources */ = {isa = PBXBuildFile; fileRef = 54DC576E21DE928F0034F8B2 /* Main.storyboard */; };
		54DC577221DE92910034F8B2 /* Assets.xcassets in Resources */ = {isa = PBXBuildFile; fileRef = 54DC577121DE92910034F8B2 /* Assets.xcassets */; };
		54DC577521DE92910034F8B2 /* LaunchScreen.storyboard in Resources */ = {isa = PBXBuildFile; fileRef = 54DC577321DE92910034F8B2 /* LaunchScreen.storyboard */; };
		54DC578021DE92910034F8B2 /* RideShareAppTests.swift in Sources */ = {isa = PBXBuildFile; fileRef = 54DC577F21DE92910034F8B2 /* RideShareAppTests.swift */; };
		54DC578B21DE92910034F8B2 /* RideShareAppUITests.swift in Sources */ = {isa = PBXBuildFile; fileRef = 54DC578A21DE92910034F8B2 /* RideShareAppUITests.swift */; };
/* End PBXBuildFile section */

/* Begin PBXContainerItemProxy section */
		54DC577C21DE92910034F8B2 /* PBXContainerItemProxy */ = {
			isa = PBXContainerItemProxy;
			containerPortal = 54DC575F21DE928F0034F8B2 /* Project object */;
			proxyType = 1;
			remoteGlobalIDString = 54DC576621DE928F0034F8B2;
			remoteInfo = RideShareApp;
		};
		54DC578721DE92910034F8B2 /* PBXContainerItemProxy */ = {
			isa = PBXContainerItemProxy;
			containerPortal = 54DC575F21DE928F0034F8B2 /* Project object */;
			proxyType = 1;
			remoteGlobalIDString = 54DC576621DE928F0034F8B2;
			remoteInfo = RideShareApp;
		};
/* End PBXContainerItemProxy section */

/* Begin PBXFileReference section */
		54DC576721DE928F0034F8B2 /* RideShareApp.app */ = {isa = PBXFileReference; explicitFileType = wrapper.application; includeInIndex = 0; path = RideShareApp.app; sourceTree = BUILT_PRODUCTS_DIR; };
		54DC576A21DE928F0034F8B2 /* AppDelegate.swift */ = {isa = PBXFileReference; lastKnownFileType = sourcecode.swift; path = AppDelegate.swift; sourceTree = "<group>"; };
		54DC576C21DE928F0034F8B2 /* ViewController.swift */ = {isa = PBXFileReference; lastKnownFileType = sourcecode.swift; path = ViewController.swift; sourceTree = "<group>"; };
		54DC576F21DE928F0034F8B2 /* Base */ = {isa = PBXFileReference; lastKnownFileType = file.storyboard; name = Base; path = Base.lproj/Main.storyboard; sourceTree = "<group>"; };
		54DC577121DE92910034F8B2 /* Assets.xcassets */ = {isa = PBXFileReference; lastKnownFileType = folder.assetcatalog; path = Assets.xcassets; sourceTree = "<group>"; };
		54DC577421DE92910034F8B2 /* Base */ = {isa = PBXFileReference; lastKnownFileType = file.storyboard; name = Base; path = Base.lproj/LaunchScreen.storyboard; sourceTree = "<group>"; };
		54DC577621DE92910034F8B2 /* Info.plist */ = {isa = PBXFileReference; lastKnownFileType = text.plist.xml; path = Info.plist; sourceTree = "<group>"; };
		54DC577B21DE92910034F8B2 /* RideShareAppTests.xctest */ = {isa = PBXFileReference; explicitFileType = wrapper.cfbundle; includeInIndex = 0; path = RideShareAppTests.xctest; sourceTree = BUILT_PRODUCTS_DIR; };
		54DC577F21DE92910034F8B2 /* RideShareAppTests.swift */ = {isa = PBXFileReference; lastKnownFileType = sourcecode.swift; path = RideShareAppTests.swift; sourceTree = "<group>"; };
		54DC578121DE92910034F8B2 /* Info.plist */ = {isa = PBXFileReference; lastKnownFileType = text.plist.xml; path = Info.plist; sourceTree = "<group>"; };
		54DC578621DE92910034F8B2 /* RideShareAppUITests.xctest */ = {isa = PBXFileReference; explicitFileType = wrapper.cfbundle; includeInIndex = 0; path = RideShareAppUITests.xctest; sourceTree = BUILT_PRODUCTS_DIR; };
		54DC578A21DE92910034F8B2 /* RideShareAppUITests.swift */ = {isa = PBXFileReference; lastKnownFileType = sourcecode.swift; path = RideShareAppUITests.swift; sourceTree = "<group>"; };
		54DC578C21DE92910034F8B2 /* Info.plist */ = {isa = PBXFileReference; lastKnownFileType = text.plist.xml; path = Info.plist; sourceTree = "<group>"; };
/* End PBXFileReference section */

/* Begin PBXFrameworksBuildPhase section */
		54DC576421DE928F0034F8B2 /* Frameworks */ = {
			isa = PBXFrameworksBuildPhase;
			buildActionMask = 2147483647;
			files = (
			);
			runOnlyForDeploymentPostprocessing = 0;
		};
		54DC577821DE92910034F8B2 /* Frameworks */ = {
			isa = PBXFrameworksBuildPhase;
			buildActionMask = 2147483647;
			files = (
			);
			runOnlyForDeploymentPostprocessing = 0;
		};
		54DC578321DE92910034F8B2 /* Frameworks */ = {
			isa = PBXFrameworksBuildPhase;
			buildActionMask = 2147483647;
			files = (
			);
			runOnlyForDeploymentPostprocessing = 0;
		};
/* End PBXFrameworksBuildPhase section */

/* Begin PBXGroup section */
		54DC575E21DE928F0034F8B2 = {
			isa = PBXGroup;
			children = (
				54DC576921DE928F0034F8B2 /* RideShareApp */,
				54DC577E21DE92910034F8B2 /* RideShareAppTests */,
				54DC578921DE92910034F8B2 /* RideShareAppUITests */,
				54DC576821DE928F0034F8B2 /* Products */,
			);
			sourceTree = "<group>";
		};
		54DC576821DE928F0034F8B2 /* Products */ = {
			isa = PBXGroup;
			children = (
				54DC576721DE928F0034F8B2 /* RideShareApp.app */,
				54DC577B21DE92910034F8B2 /* RideShareAppTests.xctest */,
				54DC578621DE92910034F8B2 /* RideShareAppUITests.xctest */,
			);
			name = Products;
			sourceTree = "<group>";
		};
		54DC576921DE928F0034F8B2 /* RideShareApp */ = {
			isa = PBXGroup;
			children = (
				54DC576A21DE928F0034F8B2 /* AppDelegate.swift */,
				54DC576C21DE928F0034F8B2 /* ViewController.swift */,
				54DC576E21DE928F0034F8B2 /* Main.storyboard */,
				54DC577121DE92910034F8B2 /* Assets.xcassets */,
				54DC577321DE92910034F8B2 /* LaunchScreen.storyboard */,
				54DC577621DE92910034F8B2 /* Info.plist */,
			);
			path = RideShareApp;
			sourceTree = "<group>";
		};
		54DC577E21DE92910034F8B2 /* RideShareAppTests */ = {
			isa = PBXGroup;
			children = (
				54DC577F21DE92910034F8B2 /* RideShareAppTests.swift */,
				54DC578121DE92910034F8B2 /* Info.plist */,
			);
			path = RideShareAppTests;
			sourceTree = "<group>";
		};
		54DC578921DE92910034F8B2 /* RideShareAppUITests */ = {
			isa = PBXGroup;
			children = (
				54DC578A21DE92910034F8B2 /* RideShareAppUITests.swift */,
				54DC578C21DE92910034F8B2 /* Info.plist */,
			);
			path = RideShareAppUITests;
			sourceTree = "<group>";
		};
/* End PBXGroup section */

/* Begin PBXNativeTarget section */
		54DC576621DE928F0034F8B2 /* RideShareApp */ = {
			isa = PBXNativeTarget;
			buildConfigurationList = 54DC578F21DE92910034F8B2 /* Build configuration list for PBXNativeTarget "RideShareApp" */;
			buildPhases = (
				54DC576321DE928F0034F8B2 /* Sources */,
				54DC576421DE928F0034F8B2 /* Frameworks */,
				54DC576521DE928F0034F8B2 /* Resources */,
			);
			buildRules = (
			);
			dependencies = (
			);
			name = RideShareApp;
			productName = RideShareApp;
			productReference = 54DC576721DE928F0034F8B2 /* RideShareApp.app */;
			productType = "com.apple.product-type.application";
		};
		54DC577A21DE92910034F8B2 /* RideShareAppTests */ = {
			isa = PBXNativeTarget;
			buildConfigurationList = 54DC579221DE92910034F8B2 /* Build configuration list for PBXNativeTarget "RideShareAppTests" */;
			buildPhases = (
				54DC577721DE92910034F8B2 /* Sources */,
				54DC577821DE92910034F8B2 /* Frameworks */,
				54DC577921DE92910034F8B2 /* Resources */,
			);
			buildRules = (
			);
			dependencies = (
				54DC577D21DE92910034F8B2 /* PBXTargetDependency */,
			);
			name = RideShareAppTests;
			productName = RideShareAppTests;
			productReference = 54DC577B21DE92910034F8B2 /* RideShareAppTests.xctest */;
			productType = "com.apple.product-type.bundle.unit-test";
		};
		54DC578521DE92910034F8B2 /* RideShareAppUITests */ = {
			isa = PBXNativeTarget;
			buildConfigurationList = 54DC579521DE92910034F8B2 /* Build configuration list for PBXNativeTarget "RideShareAppUITests" */;
			buildPhases = (
				54DC578221DE92910034F8B2 /* Sources */,
				54DC578321DE92910034F8B2 /* Frameworks */,
				54DC578421DE92910034F8B2 /* Resources */,
			);
			buildRules = (
			);
			dependencies = (
				54DC578821DE92910034F8B2 /* PBXTargetDependency */,
			);
			name = RideShareAppUITests;
			productName = RideShareAppUITests;
			productReference = 54DC578621DE92910034F8B2 /* RideShareAppUITests.xctest */;
			productType = "com.apple.product-type.bundle.ui-testing";
		};
/* End PBXNativeTarget section */

/* Begin PBXProject section */
		54DC575F21DE928F0034F8B2 /* Project object */ = {
			isa = PBXProject;
			attributes = {
				LastSwiftUpdateCheck = 1010;
				LastUpgradeCheck = 1010;
				ORGANIZATIONNAME = "Harjeet ";
				TargetAttributes = {
					54DC576621DE928F0034F8B2 = {
						CreatedOnToolsVersion = 10.1;
					};
					54DC577A21DE92910034F8B2 = {
						CreatedOnToolsVersion = 10.1;
						TestTargetID = 54DC576621DE928F0034F8B2;
					};
					54DC578521DE92910034F8B2 = {
						CreatedOnToolsVersion = 10.1;
						TestTargetID = 54DC576621DE928F0034F8B2;
					};
				};
			};
			buildConfigurationList = 54DC576221DE928F0034F8B2 /* Build configuration list for PBXProject "RideShareApp" */;
			compatibilityVersion = "Xcode 9.3";
			developmentRegion = en;
			hasScannedForEncodings = 0;
			knownRegions = (
				en,
				Base,
			);
			mainGroup = 54DC575E21DE928F0034F8B2;
			productRefGroup = 54DC576821DE928F0034F8B2 /* Products */;
			projectDirPath = "";
			projectRoot = "";
			targets = (
				54DC576621DE928F0034F8B2 /* RideShareApp */,
				54DC577A21DE92910034F8B2 /* RideShareAppTests */,
				54DC578521DE92910034F8B2 /* RideShareAppUITests */,
			);
		};
/* End PBXProject section */

/* Begin PBXResourcesBuildPhase section */
		54DC576521DE928F0034F8B2 /* Resources */ = {
			isa = PBXResourcesBuildPhase;
			buildActionMask = 2147483647;
			files = (
				54DC577521DE92910034F8B2 /* LaunchScreen.storyboard in Resources */,
				54DC577221DE92910034F8B2 /* Assets.xcassets in Resources */,
				54DC577021DE928F0034F8B2 /* Main.storyboard in Resources */,
			);
			runOnlyForDeploymentPostprocessing = 0;
		};
		54DC577921DE92910034F8B2 /* Resources */ = {
			isa = PBXResourcesBuildPhase;
			buildActionMask = 2147483647;
			files = (
			);
			runOnlyForDeploymentPostprocessing = 0;
		};
		54DC578421DE92910034F8B2 /* Resources */ = {
			isa = PBXResourcesBuildPhase;
			buildActionMask = 2147483647;
			files = (
			);
			runOnlyForDeploymentPostprocessing = 0;
		};
/* End PBXResourcesBuildPhase section */

/* Begin PBXSourcesBuildPhase section */
		54DC576321DE928F0034F8B2 /* Sources */ = {
			isa = PBXSourcesBuildPhase;
			buildActionMask = 2147483647;
			files = (
				54DC576D21DE928F0034F8B2 /* ViewController.swift in Sources */,
				54DC576B21DE928F0034F8B2 /* AppDelegate.swift in Sources */,
			);
			runOnlyForDeploymentPostprocessing = 0;
		};
		54DC577721DE92910034F8B2 /* Sources */ = {
			isa = PBXSourcesBuildPhase;
			buildActionMask = 2147483647;
			files = (
				54DC578021DE92910034F8B2 /* RideShareAppTests.swift in Sources */,
			);
			runOnlyForDeploymentPostprocessing = 0;
		};
		54DC578221DE92910034F8B2 /* Sources */ = {
			isa = PBXSourcesBuildPhase;
			buildActionMask = 2147483647;
			files = (
				54DC578B21DE92910034F8B2 /* RideShareAppUITests.swift in Sources */,
			);
			runOnlyForDeploymentPostprocessing = 0;
		};
/* End PBXSourcesBuildPhase section */

/* Begin PBXTargetDependency section */
		54DC577D21DE92910034F8B2 /* PBXTargetDependency */ = {
			isa = PBXTargetDependency;
			target = 54DC576621DE928F0034F8B2 /* RideShareApp */;
			targetProxy = 54DC577C21DE92910034F8B2 /* PBXContainerItemProxy */;
		};
		54DC578821DE92910034F8B2 /* PBXTargetDependency */ = {
			isa = PBXTargetDependency;
			target = 54DC576621DE928F0034F8B2 /* RideShareApp */;
			targetProxy = 54DC578721DE92910034F8B2 /* PBXContainerItemProxy */;
		};
/* End PBXTargetDependency section */

/* Begin PBXVariantGroup section */
		54DC576E21DE928F0034F8B2 /* Main.storyboard */ = {
			isa = PBXVariantGroup;
			children = (
				54DC576F21DE928F0034F8B2 /* Base */,
			);
			name = Main.storyboard;
			sourceTree = "<group>";
		};
		54DC577321DE92910034F8B2 /* LaunchScreen.storyboard */ = {
			isa = PBXVariantGroup;
			children = (
				54DC577421DE92910034F8B2 /* Base */,
			);
			name = LaunchScreen.storyboard;
			sourceTree = "<group>";
		};
/* End PBXVariantGroup section */

/* Begin XCBuildConfiguration section */
		54DC578D21DE92910034F8B2 /* Debug */ = {
			isa = XCBuildConfiguration;
			buildSettings = {
				ALWAYS_SEARCH_USER_PATHS = NO;
				CLANG_ANALYZER_NONNULL = YES;
				CLANG_ANALYZER_NUMBER_OBJECT_CONVERSION = YES_AGGRESSIVE;
				CLANG_CXX_LANGUAGE_STANDARD = "gnu++14";
				CLANG_CXX_LIBRARY = "libc++";
				CLANG_ENABLE_MODULES = YES;
				CLANG_ENABLE_OBJC_ARC = YES;
				CLANG_ENABLE_OBJC_WEAK = YES;
				CLANG_WARN_BLOCK_CAPTURE_AUTORELEASING = YES;
				CLANG_WARN_BOOL_CONVERSION = YES;
				CLANG_WARN_COMMA = YES;
				CLANG_WARN_CONSTANT_CONVERSION = YES;
				CLANG_WARN_DEPRECATED_OBJC_IMPLEMENTATIONS = YES;
				CLANG_WARN_DIRECT_OBJC_ISA_USAGE = YES_ERROR;
				CLANG_WARN_DOCUMENTATION_COMMENTS = YES;
				CLANG_WARN_EMPTY_BODY = YES;
				CLANG_WARN_ENUM_CONVERSION = YES;
				CLANG_WARN_INFINITE_RECURSION = YES;
				CLANG_WARN_INT_CONVERSION = YES;
				CLANG_WARN_NON_LITERAL_NULL_CONVERSION = YES;
				CLANG_WARN_OBJC_IMPLICIT_RETAIN_SELF = YES;
				CLANG_WARN_OBJC_LITERAL_CONVERSION = YES;
				CLANG_WARN_OBJC_ROOT_CLASS = YES_ERROR;
				CLANG_WARN_RANGE_LOOP_ANALYSIS = YES;
				CLANG_WARN_STRICT_PROTOTYPES = YES;
				CLANG_WARN_SUSPICIOUS_MOVE = YES;
				CLANG_WARN_UNGUARDED_AVAILABILITY = YES_AGGRESSIVE;
				CLANG_WARN_UNREACHABLE_CODE = YES;
				CLANG_WARN__DUPLICATE_METHOD_MATCH = YES;
				CODE_SIGN_IDENTITY = "iPhone Developer";
				COPY_PHASE_STRIP = NO;
				DEBUG_INFORMATION_FORMAT = dwarf;
				ENABLE_STRICT_OBJC_MSGSEND = YES;
				ENABLE_TESTABILITY = YES;
				GCC_C_LANGUAGE_STANDARD = gnu11;
				GCC_DYNAMIC_NO_PIC = NO;
				GCC_NO_COMMON_BLOCKS = YES;
				GCC_OPTIMIZATION_LEVEL = 0;
				GCC_PREPROCESSOR_DEFINITIONS = (
					"DEBUG=1",
					"$(inherited)",
				);
				GCC_WARN_64_TO_32_BIT_CONVERSION = YES;
				GCC_WARN_ABOUT_RETURN_TYPE = YES_ERROR;
				GCC_WARN_UNDECLARED_SELECTOR = YES;
				GCC_WARN_UNINITIALIZED_AUTOS = YES_AGGRESSIVE;
				GCC_WARN_UNUSED_FUNCTION = YES;
				GCC_WARN_UNUSED_VARIABLE = YES;
				IPHONEOS_DEPLOYMENT_TARGET = 12.1;
				MTL_ENABLE_DEBUG_INFO = INCLUDE_SOURCE;
				MTL_FAST_MATH = YES;
				ONLY_ACTIVE_ARCH = YES;
				SDKROOT = iphoneos;
				SWIFT_ACTIVE_COMPILATION_CONDITIONS = DEBUG;
				SWIFT_OPTIMIZATION_LEVEL = "-Onone";
			};
			name = Debug;
		};
		54DC578E21DE92910034F8B2 /* Release */ = {
			isa = XCBuildConfiguration;
			buildSettings = {
				ALWAYS_SEARCH_USER_PATHS = NO;
				CLANG_ANALYZER_NONNULL = YES;
				CLANG_ANALYZER_NUMBER_OBJECT_CONVERSION = YES_AGGRESSIVE;
				CLANG_CXX_LANGUAGE_STANDARD = "gnu++14";
				CLANG_CXX_LIBRARY = "libc++";
				CLANG_ENABLE_MODULES = YES;
				CLANG_ENABLE_OBJC_ARC = YES;
				CLANG_ENABLE_OBJC_WEAK = YES;
				CLANG_WARN_BLOCK_CAPTURE_AUTORELEASING = YES;
				CLANG_WARN_BOOL_CONVERSION = YES;
				CLANG_WARN_COMMA = YES;
				CLANG_WARN_CONSTANT_CONVERSION = YES;
				CLANG_WARN_DEPRECATED_OBJC_IMPLEMENTATIONS = YES;
				CLANG_WARN_DIRECT_OBJC_ISA_USAGE = YES_ERROR;
				CLANG_WARN_DOCUMENTATION_COMMENTS = YES;
				CLANG_WARN_EMPTY_BODY = YES;
				CLANG_WARN_ENUM_CONVERSION = YES;
				CLANG_WARN_INFINITE_RECURSION = YES;
				CLANG_WARN_INT_CONVERSION = YES;
				CLANG_WARN_NON_LITERAL_NULL_CONVERSION = YES;
				CLANG_WARN_OBJC_IMPLICIT_RETAIN_SELF = YES;
				CLANG_WARN_OBJC_LITERAL_CONVERSION = YES;
				CLANG_WARN_OBJC_ROOT_CLASS = YES_ERROR;
				CLANG_WARN_RANGE_LOOP_ANALYSIS = YES;
				CLANG_WARN_STRICT_PROTOTYPES = YES;
				CLANG_WARN_SUSPICIOUS_MOVE = YES;
				CLANG_WARN_UNGUARDED_AVAILABILITY = YES_AGGRESSIVE;
				CLANG_WARN_UNREACHABLE_CODE = YES;
				CLANG_WARN__DUPLICATE_METHOD_MATCH = YES;
				CODE_SIGN_IDENTITY = "iPhone Developer";
				COPY_PHASE_STRIP = NO;
				DEBUG_INFORMATION_FORMAT = "dwarf-with-dsym";
				ENABLE_NS_ASSERTIONS = NO;
				ENABLE_STRICT_OBJC_MSGSEND = YES;
				GCC_C_LANGUAGE_STANDARD = gnu11;
				GCC_NO_COMMON_BLOCKS = YES;
				GCC_WARN_64_TO_32_BIT_CONVERSION = YES;
				GCC_WARN_ABOUT_RETURN_TYPE = YES_ERROR;
				GCC_WARN_UNDECLARED_SELECTOR = YES;
				GCC_WARN_UNINITIALIZED_AUTOS = YES_AGGRESSIVE;
				GCC_WARN_UNUSED_FUNCTION = YES;
				GCC_WARN_UNUSED_VARIABLE = YES;
				IPHONEOS_DEPLOYMENT_TARGET = 12.1;
				MTL_ENABLE_DEBUG_INFO = NO;
				MTL_FAST_MATH = YES;
				SDKROOT = iphoneos;
				SWIFT_COMPILATION_MODE = wholemodule;
				SWIFT_OPTIMIZATION_LEVEL = "-O";
				VALIDATE_PRODUCT = YES;
			};
			name = Release;
		};
		54DC579021DE92910034F8B2 /* Debug */ = {
			isa = XCBuildConfiguration;
			buildSettings = {
				ASSETCATALOG_COMPILER_APPICON_NAME = AppIcon;
				CODE_SIGN_STYLE = Automatic;
				DEVELOPMENT_TEAM = 9WAHXD9UQ7;
				INFOPLIST_FILE = RideShareApp/Info.plist;
				LD_RUNPATH_SEARCH_PATHS = (
					"$(inherited)",
					"@executable_path/Frameworks",
				);
				PRODUCT_BUNDLE_IDENTIFIER = com.RideShareAppForUCDavis.RideShareApp;
				PRODUCT_NAME = "$(TARGET_NAME)";
				SWIFT_VERSION = 4.2;
				TARGETED_DEVICE_FAMILY = "1,2";
			};
			name = Debug;
		};
		54DC579121DE92910034F8B2 /* Release */ = {
			isa = XCBuildConfiguration;
			buildSettings = {
				ASSETCATALOG_COMPILER_APPICON_NAME = AppIcon;
				CODE_SIGN_STYLE = Automatic;
				DEVELOPMENT_TEAM = 9WAHXD9UQ7;
				INFOPLIST_FILE = RideShareApp/Info.plist;
				LD_RUNPATH_SEARCH_PATHS = (
					"$(inherited)",
					"@executable_path/Frameworks",
				);
				PRODUCT_BUNDLE_IDENTIFIER = com.RideShareAppForUCDavis.RideShareApp;
				PRODUCT_NAME = "$(TARGET_NAME)";
				SWIFT_VERSION = 4.2;
				TARGETED_DEVICE_FAMILY = "1,2";
			};
			name = Release;
		};
		54DC579321DE92910034F8B2 /* Debug */ = {
			isa = XCBuildConfiguration;
			buildSettings = {
				ALWAYS_EMBED_SWIFT_STANDARD_LIBRARIES = YES;
				BUNDLE_LOADER = "$(TEST_HOST)";
				CODE_SIGN_STYLE = Automatic;
				DEVELOPMENT_TEAM = 9WAHXD9UQ7;
				INFOPLIST_FILE = RideShareAppTests/Info.plist;
				LD_RUNPATH_SEARCH_PATHS = (
					"$(inherited)",
					"@executable_path/Frameworks",
					"@loader_path/Frameworks",
				);
				PRODUCT_BUNDLE_IDENTIFIER = com.RideShareAppForUCDavis.RideShareAppTests;
				PRODUCT_NAME = "$(TARGET_NAME)";
				SWIFT_VERSION = 4.2;
				TARGETED_DEVICE_FAMILY = "1,2";
				TEST_HOST = "$(BUILT_PRODUCTS_DIR)/RideShareApp.app/RideShareApp";
			};
			name = Debug;
		};
		54DC579421DE92910034F8B2 /* Release */ = {
			isa = XCBuildConfiguration;
			buildSettings = {
				ALWAYS_EMBED_SWIFT_STANDARD_LIBRARIES = YES;
				BUNDLE_LOADER = "$(TEST_HOST)";
				CODE_SIGN_STYLE = Automatic;
				DEVELOPMENT_TEAM = 9WAHXD9UQ7;
				INFOPLIST_FILE = RideShareAppTests/Info.plist;
				LD_RUNPATH_SEARCH_PATHS = (
					"$(inherited)",
					"@executable_path/Frameworks",
					"@loader_path/Frameworks",
				);
				PRODUCT_BUNDLE_IDENTIFIER = com.RideShareAppForUCDavis.RideShareAppTests;
				PRODUCT_NAME = "$(TARGET_NAME)";
				SWIFT_VERSION = 4.2;
				TARGETED_DEVICE_FAMILY = "1,2";
				TEST_HOST = "$(BUILT_PRODUCTS_DIR)/RideShareApp.app/RideShareApp";
			};
			name = Release;
		};
		54DC579621DE92910034F8B2 /* Debug */ = {
			isa = XCBuildConfiguration;
			buildSettings = {
				ALWAYS_EMBED_SWIFT_STANDARD_LIBRARIES = YES;
				CODE_SIGN_STYLE = Automatic;
				DEVELOPMENT_TEAM = 9WAHXD9UQ7;
				INFOPLIST_FILE = RideShareAppUITests/Info.plist;
				LD_RUNPATH_SEARCH_PATHS = (
					"$(inherited)",
					"@executable_path/Frameworks",
					"@loader_path/Frameworks",
				);
				PRODUCT_BUNDLE_IDENTIFIER = com.RideShareAppForUCDavis.RideShareAppUITests;
				PRODUCT_NAME = "$(TARGET_NAME)";
				SWIFT_VERSION = 4.2;
				TARGETED_DEVICE_FAMILY = "1,2";
				TEST_TARGET_NAME = RideShareApp;
			};
			name = Debug;
		};
		54DC579721DE92910034F8B2 /* Release */ = {
			isa = XCBuildConfiguration;
			buildSettings = {
				ALWAYS_EMBED_SWIFT_STANDARD_LIBRARIES = YES;
				CODE_SIGN_STYLE = Automatic;
				DEVELOPMENT_TEAM = 9WAHXD9UQ7;
				INFOPLIST_FILE = RideShareAppUITests/Info.plist;
				LD_RUNPATH_SEARCH_PATHS = (
					"$(inherited)",
					"@executable_path/Frameworks",
					"@loader_path/Frameworks",
				);
				PRODUCT_BUNDLE_IDENTIFIER = com.RideShareAppForUCDavis.RideShareAppUITests;
				PRODUCT_NAME = "$(TARGET_NAME)";
				SWIFT_VERSION = 4.2;
				TARGETED_DEVICE_FAMILY = "1,2";
				TEST_TARGET_NAME = RideShareApp;
			};
			name = Release;
		};
/* End XCBuildConfiguration section */

/* Begin XCConfigurationList section */
		54DC576221DE928F0034F8B2 /* Build configuration list for PBXProject "RideShareApp" */ = {
			isa = XCConfigurationList;
			buildConfigurations = (
				54DC578D21DE92910034F8B2 /* Debug */,
				54DC578E21DE92910034F8B2 /* Release */,
			);
			defaultConfigurationIsVisible = 0;
			defaultConfigurationName = Release;
		};
		54DC578F21DE92910034F8B2 /* Build configuration list for PBXNativeTarget "RideShareApp" */ = {
			isa = XCConfigurationList;
			buildConfigurations = (
				54DC579021DE92910034F8B2 /* Debug */,
				54DC579121DE92910034F8B2 /* Release */,
			);
			defaultConfigurationIsVisible = 0;
			defaultConfigurationName = Release;
		};
		54DC579221DE92910034F8B2 /* Build configuration list for PBXNativeTarget "RideShareAppTests" */ = {
			isa = XCConfigurationList;
			buildConfigurations = (
				54DC579321DE92910034F8B2 /* Debug */,
				54DC579421DE92910034F8B2 /* Release */,
			);
			defaultConfigurationIsVisible = 0;
			defaultConfigurationName = Release;
		};
		54DC579521DE92910034F8B2 /* Build configuration list for PBXNativeTarget "RideShareAppUITests" */ = {
			isa = XCConfigurationList;
			buildConfigurations = (
				54DC579621DE92910034F8B2 /* Debug */,
				54DC579721DE92910034F8B2 /* Release */,
			);
			defaultConfigurationIsVisible = 0;
			defaultConfigurationName = Release;
		};
/* End XCConfigurationList section */
	};
	rootObject = 54DC575F21DE928F0034F8B2 /* Project object */;
}
